
Microsoft Visual Studio Solution File, Format Version 12.00
# Visual Studio Version 16
VisualStudioVersion = 16.0.30517.126
MinimumVisualStudioVersion = 10.0.40219.1
Project("{FAE04EC0-301F-11D3-BF4B-00C04F79EFBC}") = "Project 2- Dimensions Data", "Project 2- Dimensions Data.csproj", "{8D279FB4-702A-4BEE-A459-1271D817028F}"
EndProject
Global
	GlobalSection(SolutionConfigurationPlatforms) = preSolution
		Debug|Any CPU = Debug|Any CPU
		Release|Any CPU = Release|Any CPU
	EndGlobalSection
	GlobalSection(ProjectConfigurationPlatforms) = postSolution
		{8D279FB4-702A-4BEE-A459-1271D817028F}.Debug|Any CPU.ActiveCfg = Debug|Any CPU
		{8D279FB4-702A-4BEE-A459-1271D817028F}.Debug|Any CPU.Build.0 = Debug|Any CPU
		{8D279FB4-702A-4BEE-A459-1271D817028F}.Release|Any CPU.ActiveCfg = Release|Any CPU
		{8D279FB4-702A-4BEE-A459-1271D817028F}.Release|Any CPU.Build.0 = Release|Any CPU
	EndGlobalSection
	GlobalSection(SolutionProperties) = preSolution
		HideSolutionNode = FALSE
	EndGlobalSection
	GlobalSection(ExtensibilityGlobals) = postSolution
		SolutionGuid = {203AEE54-ECC3-4FED-A269-A3B0690F63BC}
	EndGlobalSection
EndGlobal
